
Microsoft Visual Studio Solution File, Format Version 12.00
# Visual Studio 15
VisualStudioVersion = 15.0.28307.106
MinimumVisualStudioVersion = 10.0.40219.1
Project("{FAE04EC0-301F-11D3-BF4B-00C04F79EFBC}") = "ApiBarras", "ApiBarras\ApiBarras.csproj", "{2E5A5ADC-A17C-4D83-8C63-116E49650245}"
EndProject
Global
	GlobalSection(SolutionConfigurationPlatforms) = preSolution
		Debug|Any CPU = Debug|Any CPU
		Release|Any CPU = Release|Any CPU
	EndGlobalSection
	GlobalSection(ProjectConfigurationPlatforms) = postSolution
		{2E5A5ADC-A17C-4D83-8C63-116E49650245}.Debug|Any CPU.ActiveCfg = Debug|Any CPU
		{2E5A5ADC-A17C-4D83-8C63-116E49650245}.Debug|Any CPU.Build.0 = Debug|Any CPU
		{2E5A5ADC-A17C-4D83-8C63-116E49650245}.Release|Any CPU.ActiveCfg = Release|Any CPU
		{2E5A5ADC-A17C-4D83-8C63-116E49650245}.Release|Any CPU.Build.0 = Release|Any CPU
	EndGlobalSection
	GlobalSection(SolutionProperties) = preSolution
		HideSolutionNode = FALSE
	EndGlobalSection
	GlobalSection(ExtensibilityGlobals) = postSolution
		SolutionGuid = {C9118ED6-56AF-4520-ACB2-5C394693894A}
	EndGlobalSection
EndGlobal
